
Microsoft Visual Studio Solution File, Format Version 12.00
# Visual Studio 15
VisualStudioVersion = 15.0.26124.0
MinimumVisualStudioVersion = 15.0.26124.0
Project("{FAE04EC0-301F-11D3-BF4B-00C04F79EFBC}") = "FamilyTree", "FamilyTree\FamilyTree.csproj", "{45D301EB-7669-416A-B6B5-6D78BF648F5B}"
EndProject
Project("{FAE04EC0-301F-11D3-BF4B-00C04F79EFBC}") = "FamilyTree.Core", "FamilyTree.Core\FamilyTree.Core.csproj", "{E8D2C32E-3C7D-4DBC-B8A6-AE263CDF3AC2}"
EndProject
Project("{FAE04EC0-301F-11D3-BF4B-00C04F79EFBC}") = "FamilyTree.Tests", "FamilyTree.Tests\FamilyTree.Tests.csproj", "{AE008A79-6448-4637-9166-B9A59BA43BBE}"
EndProject
Global
	GlobalSection(SolutionConfigurationPlatforms) = preSolution
		Debug|Any CPU = Debug|Any CPU
		Debug|x64 = Debug|x64
		Debug|x86 = Debug|x86
		Release|Any CPU = Release|Any CPU
		Release|x64 = Release|x64
		Release|x86 = Release|x86
	EndGlobalSection
	GlobalSection(SolutionProperties) = preSolution
		HideSolutionNode = FALSE
	EndGlobalSection
	GlobalSection(ProjectConfigurationPlatforms) = postSolution
		{45D301EB-7669-416A-B6B5-6D78BF648F5B}.Debug|Any CPU.ActiveCfg = Debug|Any CPU
		{45D301EB-7669-416A-B6B5-6D78BF648F5B}.Debug|Any CPU.Build.0 = Debug|Any CPU
		{45D301EB-7669-416A-B6B5-6D78BF648F5B}.Debug|x64.ActiveCfg = Debug|Any CPU
		{45D301EB-7669-416A-B6B5-6D78BF648F5B}.Debug|x64.Build.0 = Debug|Any CPU
		{45D301EB-7669-416A-B6B5-6D78BF648F5B}.Debug|x86.ActiveCfg = Debug|Any CPU
		{45D301EB-7669-416A-B6B5-6D78BF648F5B}.Debug|x86.Build.0 = Debug|Any CPU
		{45D301EB-7669-416A-B6B5-6D78BF648F5B}.Release|Any CPU.ActiveCfg = Release|Any CPU
		{45D301EB-7669-416A-B6B5-6D78BF648F5B}.Release|Any CPU.Build.0 = Release|Any CPU
		{45D301EB-7669-416A-B6B5-6D78BF648F5B}.Release|x64.ActiveCfg = Release|Any CPU
		{45D301EB-7669-416A-B6B5-6D78BF648F5B}.Release|x64.Build.0 = Release|Any CPU
		{45D301EB-7669-416A-B6B5-6D78BF648F5B}.Release|x86.ActiveCfg = Release|Any CPU
		{45D301EB-7669-416A-B6B5-6D78BF648F5B}.Release|x86.Build.0 = Release|Any CPU
		{E8D2C32E-3C7D-4DBC-B8A6-AE263CDF3AC2}.Debug|Any CPU.ActiveCfg = Debug|Any CPU
		{E8D2C32E-3C7D-4DBC-B8A6-AE263CDF3AC2}.Debug|Any CPU.Build.0 = Debug|Any CPU
		{E8D2C32E-3C7D-4DBC-B8A6-AE263CDF3AC2}.Debug|x64.ActiveCfg = Debug|Any CPU
		{E8D2C32E-3C7D-4DBC-B8A6-AE263CDF3AC2}.Debug|x64.Build.0 = Debug|Any CPU
		{E8D2C32E-3C7D-4DBC-B8A6-AE263CDF3AC2}.Debug|x86.ActiveCfg = Debug|Any CPU
		{E8D2C32E-3C7D-4DBC-B8A6-AE263CDF3AC2}.Debug|x86.Build.0 = Debug|Any CPU
		{E8D2C32E-3C7D-4DBC-B8A6-AE263CDF3AC2}.Release|Any CPU.ActiveCfg = Release|Any CPU
		{E8D2C32E-3C7D-4DBC-B8A6-AE263CDF3AC2}.Release|Any CPU.Build.0 = Release|Any CPU
		{E8D2C32E-3C7D-4DBC-B8A6-AE263CDF3AC2}.Release|x64.ActiveCfg = Release|Any CPU
		{E8D2C32E-3C7D-4DBC-B8A6-AE263CDF3AC2}.Release|x64.Build.0 = Release|Any CPU
		{E8D2C32E-3C7D-4DBC-B8A6-AE263CDF3AC2}.Release|x86.ActiveCfg = Release|Any CPU
		{E8D2C32E-3C7D-4DBC-B8A6-AE263CDF3AC2}.Release|x86.Build.0 = Release|Any CPU
		{AE008A79-6448-4637-9166-B9A59BA43BBE}.Debug|Any CPU.ActiveCfg = Debug|Any CPU
		{AE008A79-6448-4637-9166-B9A59BA43BBE}.Debug|Any CPU.Build.0 = Debug|Any CPU
		{AE008A79-6448-4637-9166-B9A59BA43BBE}.Debug|x64.ActiveCfg = Debug|Any CPU
		{AE008A79-6448-4637-9166-B9A59BA43BBE}.Debug|x64.Build.0 = Debug|Any CPU
		{AE008A79-6448-4637-9166-B9A59BA43BBE}.Debug|x86.ActiveCfg = Debug|Any CPU
		{AE008A79-6448-4637-9166-B9A59BA43BBE}.Debug|x86.Build.0 = Debug|Any CPU
		{AE008A79-6448-4637-9166-B9A59BA43BBE}.Release|Any CPU.ActiveCfg = Release|Any CPU
		{AE008A79-6448-4637-9166-B9A59BA43BBE}.Release|Any CPU.Build.0 = Release|Any CPU
		{AE008A79-6448-4637-9166-B9A59BA43BBE}.Release|x64.ActiveCfg = Release|Any CPU
		{AE008A79-6448-4637-9166-B9A59BA43BBE}.Release|x64.Build.0 = Release|Any CPU
		{AE008A79-6448-4637-9166-B9A59BA43BBE}.Release|x86.ActiveCfg = Release|Any CPU
		{AE008A79-6448-4637-9166-B9A59BA43BBE}.Release|x86.Build.0 = Release|Any CPU
	EndGlobalSection
EndGlobal
